
Microsoft Visual Studio Solution File, Format Version 11.00
# Visual C# Express 2010
Project("{FAE04EC0-301F-11D3-BF4B-00C04F79EFBC}") = "twCommand", "twCommand\twCommand.csproj", "{31BDCC2F-5054-42FC-9885-A4125EA1D78C}"
EndProject
Global
	GlobalSection(SolutionConfigurationPlatforms) = preSolution
		Debug|x86 = Debug|x86
		Release|x86 = Release|x86
	EndGlobalSection
	GlobalSection(ProjectConfigurationPlatforms) = postSolution
		{31BDCC2F-5054-42FC-9885-A4125EA1D78C}.Debug|x86.ActiveCfg = Debug|x86
		{31BDCC2F-5054-42FC-9885-A4125EA1D78C}.Debug|x86.Build.0 = Debug|x86
		{31BDCC2F-5054-42FC-9885-A4125EA1D78C}.Release|x86.ActiveCfg = Release|x86
		{31BDCC2F-5054-42FC-9885-A4125EA1D78C}.Release|x86.Build.0 = Release|x86
	EndGlobalSection
	GlobalSection(SolutionProperties) = preSolution
		HideSolutionNode = FALSE
	EndGlobalSection
EndGlobal
